<?xml version="1.0" encoding="utf-8"?>
<Project ToolsVersion="4.0" xmlns="http://schemas.microsoft.com/developer/msbuild/2003">
  <ItemGroup>
    <Filter Include="Archivos de origen">
      <UniqueIdentifier>{4FC737F1-C7A5-4376-A066-2A32D752A2FF}</UniqueIdentifier>
      <Extensions>cpp;c;cc;cxx;c++;cppm;ixx;def;odl;idl;hpj;bat;asm;asmx</Extensions>
    </Filter>
    <Filter Include="Archivos de encabezado">
      <UniqueIdentifier>{93995380-89BD-4b04-88EB-625FBE52EBFB}</UniqueIdentifier>
      <Extensions>h;hh;hpp;hxx;h++;hm;inl;inc;ipp;xsd</Extensions>
    </Filter>
    <Filter Include="Archivos de recursos">
      <UniqueIdentifier>{67DA6AB6-F800-4c08-8B7A-83BB121AAD01}</UniqueIdentifier>
      <Extensions>rc;ico;cur;bmp;dlg;rc2;rct;bin;rgs;gif;jpg;jpeg;jpe;resx;tiff;tif;png;wav;mfcribbon-ms</Extensions>
    </Filter>
  </ItemGroup>
  <ItemGroup>
    <ClCompile Include="Main.cpp">
      <Filter>Archivos de origen</Filter>
    </ClCompile>
    <ClCompile Include="Engine.cpp">
      <Filter>Archivos de origen</Filter>
    </ClCompile>
    <ClCompile Include="Scene.cpp">
      <Filter>Archivos de origen</Filter>
    </ClCompile>
    <ClCompile Include="TitleScene.cpp">
      <Filter>Archivos de origen</Filter>
    </ClCompile>
    <ClCompile Include="Timer.cpp">
      <Filter>Archivos de origen</Filter>
    </ClCompile>
    <ClCompile Include="GameScene.cpp">
      <Filter>Archivos de origen</Filter>
    </ClCompile>
    <ClCompile Include="GameOverScene.cpp">
      <Filter>Archivos de origen</Filter>
    </ClCompile>
    <ClCompile Include="Shape.cpp">
      <Filter>Archivos de origen</Filter>
    </ClCompile>
    <ClCompile Include="CreditsScene.cpp">
      <Filter>Archivos de origen</Filter>
    </ClCompile>
    <ClCompile Include="IntroScene.cpp">
      <Filter>Archivos de origen</Filter>
    </ClCompile>
  </ItemGroup>
  <ItemGroup>
    <ClInclude Include="Engine.h">
      <Filter>Archivos de encabezado</Filter>
    </ClInclude>
    <ClInclude Include="Scene.h">
      <Filter>Archivos de encabezado</Filter>
    </ClInclude>
    <ClInclude Include="TitleScene.h">
      <Filter>Archivos de encabezado</Filter>
    </ClInclude>
    <ClInclude Include="SceneList.h">
      <Filter>Archivos de encabezado</Filter>
    </ClInclude>
    <ClInclude Include="Timer.h">
      <Filter>Archivos de encabezado</Filter>
    </ClInclude>
    <ClInclude Include="GameScene.h">
      <Filter>Archivos de encabezado</Filter>
    </ClInclude>
    <ClInclude Include="GameOverScene.h">
      <Filter>Archivos de encabezado</Filter>
    </ClInclude>
    <ClInclude Include="Shape.h">
      <Filter>Archivos de encabezado</Filter>
    </ClInclude>
    <ClInclude Include="IntroScene.h">
      <Filter>Archivos de encabezado</Filter>
    </ClInclude>
    <ClInclude Include="CreditsScene.h">
      <Filter>Archivos de encabezado</Filter>
    </ClInclude>
  </ItemGroup>
  <ItemGroup>
    <Media Include="Sounds\change.wav">
      <Filter>Archivos de recursos</Filter>
    </Media>
    <Media Include="Sounds\grow.wav">
      <Filter>Archivos de recursos</Filter>
    </Media>
    <Media Include="Sounds\hurt.wav">
      <Filter>Archivos de recursos</Filter>
    </Media>
    <Media Include="Sounds\levelup.wav">
      <Filter>Archivos de recursos</Filter>
    </Media>
    <Media Include="Music\music_trim.wav">
      <Filter>Archivos de recursos</Filter>
    </Media>
  </ItemGroup>
  <ItemGroup>
    <Font Include="Fonts\SigmarOne-Regular.ttf">
      <Filter>Archivos de recursos</Filter>
    </Font>
  </ItemGroup>
  <ItemGroup>
    <Image Include="Sprites\background_credits.png">
      <Filter>Archivos de recursos</Filter>
    </Image>
    <Image Include="Sprites\background_gameover.png">
      <Filter>Archivos de recursos</Filter>
    </Image>
    <Image Include="Sprites\background_intro.png">
      <Filter>Archivos de recursos</Filter>
    </Image>
    <Image Include="Sprites\background_title.png">
      <Filter>Archivos de recursos</Filter>
    </Image>
    <Image Include="Sprites\decagon.png">
      <Filter>Archivos de recursos</Filter>
    </Image>
    <Image Include="Sprites\dodecagon.png">
      <Filter>Archivos de recursos</Filter>
    </Image>
    <Image Include="Sprites\eneagon.png">
      <Filter>Archivos de recursos</Filter>
    </Image>
    <Image Include="Sprites\hendecagon.png">
      <Filter>Archivos de recursos</Filter>
    </Image>
    <Image Include="Sprites\heptagon.png">
      <Filter>Archivos de recursos</Filter>
    </Image>
    <Image Include="Sprites\hexagon.png">
      <Filter>Archivos de recursos</Filter>
    </Image>
    <Image Include="Sprites\octogon.png">
      <Filter>Archivos de recursos</Filter>
    </Image>
    <Image Include="Sprites\pentagon.png">
      <Filter>Archivos de recursos</Filter>
    </Image>
    <Image Include="Sprites\square.png">
      <Filter>Archivos de recursos</Filter>
    </Image>
    <Image Include="Sprites\triangle.png">
      <Filter>Archivos de recursos</Filter>
    </Image>
  </ItemGroup>
</Project>